
Microsoft Visual Studio Solution File, Format Version 12.00
# Visual Studio Version 17
VisualStudioVersion = 17.0.31903.59
MinimumVisualStudioVersion = 10.0.40219.1
Project("{9A19103F-16F7-4668-BE54-9A1E7A4F7556}") = "MSTest.Extensions", "src\MSTest.Extensions\MSTest.Extensions.csproj", "{055E6C63-3CC7-427E-B14F-69C85D7E971A}"
EndProject
Project("{2150E333-8FDC-42A3-9474-1A3956D46DE8}") = "src", "src", "{1C4D72B5-A7C1-4AAE-A66F-4DDAC5979C28}"
EndProject
Project("{2150E333-8FDC-42A3-9474-1A3956D46DE8}") = "tests", "tests", "{DA39C42F-B4EA-43F0-AB8C-40987B63F4D6}"
EndProject
Project("{9A19103F-16F7-4668-BE54-9A1E7A4F7556}") = "MSTest.Extensions.Tests", "tests\MSTest.Extensions.Tests\MSTest.Extensions.Tests.csproj", "{7AB54453-67E4-46BC-A314-EBA72C082E7E}"
EndProject
Project("{2150E333-8FDC-42A3-9474-1A3956D46DE8}") = "_SolutionItems", "_SolutionItems", "{F30DFDFF-C789-402F-888A-385F1D38EB11}"
	ProjectSection(SolutionItems) = preProject
		.gitattributes = .gitattributes
		.gitignore = .gitignore
		build\code-style.ruleset = build\code-style.ruleset
		LICENSE = LICENSE
	EndProjectSection
EndProject
Project("{FAE04EC0-301F-11D3-BF4B-00C04F79EFBC}") = "dotnetCampus.UITest.WPF", "src\dotnetCampus.UITest.WPF\dotnetCampus.UITest.WPF.csproj", "{E62C4947-CD69-411D-8749-78C8B2C25ACE}"
EndProject
Project("{FAE04EC0-301F-11D3-BF4B-00C04F79EFBC}") = "dotnetCampus.UITest.WPF.Demo", "demo\dotnetCampus.UITest.WPF.Demo\dotnetCampus.UITest.WPF.Demo.csproj", "{F1D52FE3-2E23-4C7D-AA64-CAC204B4EBBF}"
EndProject
Global
	GlobalSection(SolutionConfigurationPlatforms) = preSolution
		Debug|Any CPU = Debug|Any CPU
		Release|Any CPU = Release|Any CPU
	EndGlobalSection
	GlobalSection(ProjectConfigurationPlatforms) = postSolution
		{055E6C63-3CC7-427E-B14F-69C85D7E971A}.Debug|Any CPU.ActiveCfg = Debug|Any CPU
		{055E6C63-3CC7-427E-B14F-69C85D7E971A}.Debug|Any CPU.Build.0 = Debug|Any CPU
		{055E6C63-3CC7-427E-B14F-69C85D7E971A}.Release|Any CPU.ActiveCfg = Release|Any CPU
		{055E6C63-3CC7-427E-B14F-69C85D7E971A}.Release|Any CPU.Build.0 = Release|Any CPU
		{7AB54453-67E4-46BC-A314-EBA72C082E7E}.Debug|Any CPU.ActiveCfg = Debug|Any CPU
		{7AB54453-67E4-46BC-A314-EBA72C082E7E}.Debug|Any CPU.Build.0 = Debug|Any CPU
		{7AB54453-67E4-46BC-A314-EBA72C082E7E}.Release|Any CPU.ActiveCfg = Release|Any CPU
		{7AB54453-67E4-46BC-A314-EBA72C082E7E}.Release|Any CPU.Build.0 = Release|Any CPU
		{E62C4947-CD69-411D-8749-78C8B2C25ACE}.Debug|Any CPU.ActiveCfg = Debug|Any CPU
		{E62C4947-CD69-411D-8749-78C8B2C25ACE}.Debug|Any CPU.Build.0 = Debug|Any CPU
		{E62C4947-CD69-411D-8749-78C8B2C25ACE}.Release|Any CPU.ActiveCfg = Release|Any CPU
		{E62C4947-CD69-411D-8749-78C8B2C25ACE}.Release|Any CPU.Build.0 = Release|Any CPU
		{F1D52FE3-2E23-4C7D-AA64-CAC204B4EBBF}.Debug|Any CPU.ActiveCfg = Debug|Any CPU
		{F1D52FE3-2E23-4C7D-AA64-CAC204B4EBBF}.Debug|Any CPU.Build.0 = Debug|Any CPU
		{F1D52FE3-2E23-4C7D-AA64-CAC204B4EBBF}.Release|Any CPU.ActiveCfg = Release|Any CPU
		{F1D52FE3-2E23-4C7D-AA64-CAC204B4EBBF}.Release|Any CPU.Build.0 = Release|Any CPU
	EndGlobalSection
	GlobalSection(SolutionProperties) = preSolution
		HideSolutionNode = FALSE
	EndGlobalSection
	GlobalSection(NestedProjects) = preSolution
		{055E6C63-3CC7-427E-B14F-69C85D7E971A} = {1C4D72B5-A7C1-4AAE-A66F-4DDAC5979C28}
		{7AB54453-67E4-46BC-A314-EBA72C082E7E} = {DA39C42F-B4EA-43F0-AB8C-40987B63F4D6}
		{E62C4947-CD69-411D-8749-78C8B2C25ACE} = {1C4D72B5-A7C1-4AAE-A66F-4DDAC5979C28}
		{F1D52FE3-2E23-4C7D-AA64-CAC204B4EBBF} = {DA39C42F-B4EA-43F0-AB8C-40987B63F4D6}
	EndGlobalSection
	GlobalSection(ExtensibilityGlobals) = postSolution
		SolutionGuid = {21BFBA8A-2901-4A78-A722-0DDA95D3773F}
	EndGlobalSection
EndGlobal
